// !$*UTF8*$!
{
	archiveVersion = 1;
	classes = {
	};
	objectVersion = 50;
	objects = {

/* Begin PBXBuildFile section */
		D25271DF25D6680C007E6741 /* RSSJsonContent.swift in Sources */ = {isa = PBXBuildFile; fileRef = D25271DE25D6680C007E6741 /* RSSJsonContent.swift */; };
		D25271E525D67A47007E6741 /* FeedItemView.swift in Sources */ = {isa = PBXBuildFile; fileRef = D25271E425D67A47007E6741 /* FeedItemView.swift */; };
		D25271EB25D67DE9007E6741 /* FeedDetailView.swift in Sources */ = {isa = PBXBuildFile; fileRef = D25271EA25D67DE9007E6741 /* FeedDetailView.swift */; };
		D25271FA25D6B7DD007E6741 /* DarkModeSettingView.swift in Sources */ = {isa = PBXBuildFile; fileRef = D25271F925D6B7DD007E6741 /* DarkModeSettingView.swift */; };
		D27236AF25C90E92008086D1 /* Tests_iOS.swift in Sources */ = {isa = PBXBuildFile; fileRef = D27236AE25C90E92008086D1 /* Tests_iOS.swift */; };
		D27236BA25C90E92008086D1 /* Tests_macOS.swift in Sources */ = {isa = PBXBuildFile; fileRef = D27236B925C90E92008086D1 /* Tests_macOS.swift */; };
		D27236BC25C90E92008086D1 /* RSSealApp.swift in Sources */ = {isa = PBXBuildFile; fileRef = D272369325C90E90008086D1 /* RSSealApp.swift */; };
		D27236BD25C90E92008086D1 /* RSSealApp.swift in Sources */ = {isa = PBXBuildFile; fileRef = D272369325C90E90008086D1 /* RSSealApp.swift */; };
		D27236BE25C90E92008086D1 /* MasterView.swift in Sources */ = {isa = PBXBuildFile; fileRef = D272369425C90E90008086D1 /* MasterView.swift */; };
		D27236BF25C90E92008086D1 /* MasterView.swift in Sources */ = {isa = PBXBuildFile; fileRef = D272369425C90E90008086D1 /* MasterView.swift */; };
		D27236C025C90E92008086D1 /* Assets.xcassets in Resources */ = {isa = PBXBuildFile; fileRef = D272369525C90E92008086D1 /* Assets.xcassets */; };
		D27236C125C90E92008086D1 /* Assets.xcassets in Resources */ = {isa = PBXBuildFile; fileRef = D272369525C90E92008086D1 /* Assets.xcassets */; };
		D27236D625C9114E008086D1 /* FeedItem.swift in Sources */ = {isa = PBXBuildFile; fileRef = D27236D525C9114E008086D1 /* FeedItem.swift */; };
		D2CBF0DA25D77E1E00BEEE7E /* Vibration.swift in Sources */ = {isa = PBXBuildFile; fileRef = D2CBF0D925D77E1E00BEEE7E /* Vibration.swift */; };
		D2CBF0DB25D77E1E00BEEE7E /* Vibration.swift in Sources */ = {isa = PBXBuildFile; fileRef = D2CBF0D925D77E1E00BEEE7E /* Vibration.swift */; };
		D2CBF0ED25D7E1D500BEEE7E /* MotionManager.swift in Sources */ = {isa = PBXBuildFile; fileRef = D2CBF0EC25D7E1D500BEEE7E /* MotionManager.swift */; };
		D2CBF0EE25D7E1D500BEEE7E /* MotionManager.swift in Sources */ = {isa = PBXBuildFile; fileRef = D2CBF0EC25D7E1D500BEEE7E /* MotionManager.swift */; };
/* End PBXBuildFile section */

/* Begin PBXContainerItemProxy section */
		D27236AB25C90E92008086D1 /* PBXContainerItemProxy */ = {
			isa = PBXContainerItemProxy;
			containerPortal = D272368E25C90E90008086D1 /* Project object */;
			proxyType = 1;
			remoteGlobalIDString = D272369925C90E92008086D1;
			remoteInfo = "ReaderDemo (iOS)";
		};
		D27236B625C90E92008086D1 /* PBXContainerItemProxy */ = {
			isa = PBXContainerItemProxy;
			containerPortal = D272368E25C90E90008086D1 /* Project object */;
			proxyType = 1;
			remoteGlobalIDString = D27236A125C90E92008086D1;
			remoteInfo = "ReaderDemo (macOS)";
		};
/* End PBXContainerItemProxy section */

/* Begin PBXFileReference section */
		D25271DE25D6680C007E6741 /* RSSJsonContent.swift */ = {isa = PBXFileReference; lastKnownFileType = sourcecode.swift; path = RSSJsonContent.swift; sourceTree = "<group>"; };
		D25271E425D67A47007E6741 /* FeedItemView.swift */ = {isa = PBXFileReference; lastKnownFileType = sourcecode.swift; path = FeedItemView.swift; sourceTree = "<group>"; };
		D25271EA25D67DE9007E6741 /* FeedDetailView.swift */ = {isa = PBXFileReference; lastKnownFileType = sourcecode.swift; path = FeedDetailView.swift; sourceTree = "<group>"; };
		D25271F925D6B7DD007E6741 /* DarkModeSettingView.swift */ = {isa = PBXFileReference; lastKnownFileType = sourcecode.swift; path = DarkModeSettingView.swift; sourceTree = "<group>"; };
		D272369325C90E90008086D1 /* RSSealApp.swift */ = {isa = PBXFileReference; lastKnownFileType = sourcecode.swift; path = RSSealApp.swift; sourceTree = "<group>"; };
		D272369425C90E90008086D1 /* MasterView.swift */ = {isa = PBXFileReference; lastKnownFileType = sourcecode.swift; path = MasterView.swift; sourceTree = "<group>"; };
		D272369525C90E92008086D1 /* Assets.xcassets */ = {isa = PBXFileReference; lastKnownFileType = folder.assetcatalog; path = Assets.xcassets; sourceTree = "<group>"; };
		D272369A25C90E92008086D1 /* RSSeal.app */ = {isa = PBXFileReference; explicitFileType = wrapper.application; includeInIndex = 0; path = RSSeal.app; sourceTree = BUILT_PRODUCTS_DIR; };
		D272369D25C90E92008086D1 /* Info.plist */ = {isa = PBXFileReference; lastKnownFileType = text.plist.xml; path = Info.plist; sourceTree = "<group>"; };
		D27236A225C90E92008086D1 /* RSSeal.app */ = {isa = PBXFileReference; explicitFileType = wrapper.application; includeInIndex = 0; path = RSSeal.app; sourceTree = BUILT_PRODUCTS_DIR; };
		D27236A425C90E92008086D1 /* Info.plist */ = {isa = PBXFileReference; lastKnownFileType = text.plist.xml; path = Info.plist; sourceTree = "<group>"; };
		D27236A525C90E92008086D1 /* macOS.entitlements */ = {isa = PBXFileReference; lastKnownFileType = text.plist.entitlements; path = macOS.entitlements; sourceTree = "<group>"; };
		D27236AA25C90E92008086D1 /* Tests iOS.xctest */ = {isa = PBXFileReference; explicitFileType = wrapper.cfbundle; includeInIndex = 0; path = "Tests iOS.xctest"; sourceTree = BUILT_PRODUCTS_DIR; };
		D27236AE25C90E92008086D1 /* Tests_iOS.swift */ = {isa = PBXFileReference; lastKnownFileType = sourcecode.swift; path = Tests_iOS.swift; sourceTree = "<group>"; };
		D27236B025C90E92008086D1 /* Info.plist */ = {isa = PBXFileReference; lastKnownFileType = text.plist.xml; path = Info.plist; sourceTree = "<group>"; };
		D27236B525C90E92008086D1 /* Tests macOS.xctest */ = {isa = PBXFileReference; explicitFileType = wrapper.cfbundle; includeInIndex = 0; path = "Tests macOS.xctest"; sourceTree = BUILT_PRODUCTS_DIR; };
		D27236B925C90E92008086D1 /* Tests_macOS.swift */ = {isa = PBXFileReference; lastKnownFileType = sourcecode.swift; path = Tests_macOS.swift; sourceTree = "<group>"; };
		D27236BB25C90E92008086D1 /* Info.plist */ = {isa = PBXFileReference; lastKnownFileType = text.plist.xml; path = Info.plist; sourceTree = "<group>"; };
		D27236D525C9114E008086D1 /* FeedItem.swift */ = {isa = PBXFileReference; lastKnownFileType = sourcecode.swift; path = FeedItem.swift; sourceTree = "<group>"; };
		D2CBF0D925D77E1E00BEEE7E /* Vibration.swift */ = {isa = PBXFileReference; lastKnownFileType = sourcecode.swift; path = Vibration.swift; sourceTree = "<group>"; };
		D2CBF0EC25D7E1D500BEEE7E /* MotionManager.swift */ = {isa = PBXFileReference; lastKnownFileType = sourcecode.swift; path = MotionManager.swift; sourceTree = "<group>"; };
/* End PBXFileReference section */

/* Begin PBXFrameworksBuildPhase section */
		D272369725C90E92008086D1 /* Frameworks */ = {
			isa = PBXFrameworksBuildPhase;
			buildActionMask = 2147483647;
			files = (
			);
			runOnlyForDeploymentPostprocessing = 0;
		};
		D272369F25C90E92008086D1 /* Frameworks */ = {
			isa = PBXFrameworksBuildPhase;
			buildActionMask = 2147483647;
			files = (
			);
			runOnlyForDeploymentPostprocessing = 0;
		};
		D27236A725C90E92008086D1 /* Frameworks */ = {
			isa = PBXFrameworksBuildPhase;
			buildActionMask = 2147483647;
			files = (
			);
			runOnlyForDeploymentPostprocessing = 0;
		};
		D27236B225C90E92008086D1 /* Frameworks */ = {
			isa = PBXFrameworksBuildPhase;
			buildActionMask = 2147483647;
			files = (
			);
			runOnlyForDeploymentPostprocessing = 0;
		};
/* End PBXFrameworksBuildPhase section */

/* Begin PBXGroup section */
		D25271F425D68268007E6741 /* View */ = {
			isa = PBXGroup;
			children = (
				D272369425C90E90008086D1 /* MasterView.swift */,
				D25271E425D67A47007E6741 /* FeedItemView.swift */,
				D25271EA25D67DE9007E6741 /* FeedDetailView.swift */,
				D25271F925D6B7DD007E6741 /* DarkModeSettingView.swift */,
			);
			path = View;
			sourceTree = "<group>";
		};
		D272368D25C90E90008086D1 = {
			isa = PBXGroup;
			children = (
				D272369225C90E90008086D1 /* Shared */,
				D272369C25C90E92008086D1 /* iOS */,
				D27236A325C90E92008086D1 /* macOS */,
				D27236AD25C90E92008086D1 /* Tests iOS */,
				D27236B825C90E92008086D1 /* Tests macOS */,
				D272369B25C90E92008086D1 /* Products */,
			);
			sourceTree = "<group>";
		};
		D272369225C90E90008086D1 /* Shared */ = {
			isa = PBXGroup;
			children = (
				D2CBF0F725D7E32400BEEE7E /* Others */,
				D25271F425D68268007E6741 /* View */,
				D27236D425C91126008086D1 /* Data */,
				D272369325C90E90008086D1 /* RSSealApp.swift */,
				D272369525C90E92008086D1 /* Assets.xcassets */,
			);
			path = Shared;
			sourceTree = "<group>";
		};
		D272369B25C90E92008086D1 /* Products */ = {
			isa = PBXGroup;
			children = (
				D272369A25C90E92008086D1 /* RSSeal.app */,
				D27236A225C90E92008086D1 /* RSSeal.app */,
				D27236AA25C90E92008086D1 /* Tests iOS.xctest */,
				D27236B525C90E92008086D1 /* Tests macOS.xctest */,
			);
			name = Products;
			sourceTree = "<group>";
		};
		D272369C25C90E92008086D1 /* iOS */ = {
			isa = PBXGroup;
			children = (
				D272369D25C90E92008086D1 /* Info.plist */,
			);
			path = iOS;
			sourceTree = "<group>";
		};
		D27236A325C90E92008086D1 /* macOS */ = {
			isa = PBXGroup;
			children = (
				D27236A425C90E92008086D1 /* Info.plist */,
				D27236A525C90E92008086D1 /* macOS.entitlements */,
			);
			path = macOS;
			sourceTree = "<group>";
		};
		D27236AD25C90E92008086D1 /* Tests iOS */ = {
			isa = PBXGroup;
			children = (
				D27236AE25C90E92008086D1 /* Tests_iOS.swift */,
				D27236B025C90E92008086D1 /* Info.plist */,
			);
			path = "Tests iOS";
			sourceTree = "<group>";
		};
		D27236B825C90E92008086D1 /* Tests macOS */ = {
			isa = PBXGroup;
			children = (
				D27236B925C90E92008086D1 /* Tests_macOS.swift */,
				D27236BB25C90E92008086D1 /* Info.plist */,
			);
			path = "Tests macOS";
			sourceTree = "<group>";
		};
		D27236D425C91126008086D1 /* Data */ = {
			isa = PBXGroup;
			children = (
				D27236D525C9114E008086D1 /* FeedItem.swift */,
				D25271DE25D6680C007E6741 /* RSSJsonContent.swift */,
			);
			path = Data;
			sourceTree = "<group>";
		};
		D2CBF0F725D7E32400BEEE7E /* Others */ = {
			isa = PBXGroup;
			children = (
				D2CBF0D925D77E1E00BEEE7E /* Vibration.swift */,
				D2CBF0EC25D7E1D500BEEE7E /* MotionManager.swift */,
			);
			path = Others;
			sourceTree = "<group>";
		};
/* End PBXGroup section */

/* Begin PBXNativeTarget section */
		D272369925C90E92008086D1 /* RSSeal (iOS) */ = {
			isa = PBXNativeTarget;
			buildConfigurationList = D27236C425C90E92008086D1 /* Build configuration list for PBXNativeTarget "RSSeal (iOS)" */;
			buildPhases = (
				D272369625C90E92008086D1 /* Sources */,
				D272369725C90E92008086D1 /* Frameworks */,
				D272369825C90E92008086D1 /* Resources */,
			);
			buildRules = (
			);
			dependencies = (
			);
			name = "RSSeal (iOS)";
			productName = "ReaderDemo (iOS)";
			productReference = D272369A25C90E92008086D1 /* RSSeal.app */;
			productType = "com.apple.product-type.application";
		};
		D27236A125C90E92008086D1 /* RSSeal (macOS) */ = {
			isa = PBXNativeTarget;
			buildConfigurationList = D27236C725C90E92008086D1 /* Build configuration list for PBXNativeTarget "RSSeal (macOS)" */;
			buildPhases = (
				D272369E25C90E92008086D1 /* Sources */,
				D272369F25C90E92008086D1 /* Frameworks */,
				D27236A025C90E92008086D1 /* Resources */,
			);
			buildRules = (
			);
			dependencies = (
			);
			name = "RSSeal (macOS)";
			productName = "ReaderDemo (macOS)";
			productReference = D27236A225C90E92008086D1 /* RSSeal.app */;
			productType = "com.apple.product-type.application";
		};
		D27236A925C90E92008086D1 /* Tests iOS */ = {
			isa = PBXNativeTarget;
			buildConfigurationList = D27236CA25C90E92008086D1 /* Build configuration list for PBXNativeTarget "Tests iOS" */;
			buildPhases = (
				D27236A625C90E92008086D1 /* Sources */,
				D27236A725C90E92008086D1 /* Frameworks */,
				D27236A825C90E92008086D1 /* Resources */,
			);
			buildRules = (
			);
			dependencies = (
				D27236AC25C90E92008086D1 /* PBXTargetDependency */,
			);
			name = "Tests iOS";
			productName = "Tests iOS";
			productReference = D27236AA25C90E92008086D1 /* Tests iOS.xctest */;
			productType = "com.apple.product-type.bundle.ui-testing";
		};
		D27236B425C90E92008086D1 /* Tests macOS */ = {
			isa = PBXNativeTarget;
			buildConfigurationList = D27236CD25C90E92008086D1 /* Build configuration list for PBXNativeTarget "Tests macOS" */;
			buildPhases = (
				D27236B125C90E92008086D1 /* Sources */,
				D27236B225C90E92008086D1 /* Frameworks */,
				D27236B325C90E92008086D1 /* Resources */,
			);
			buildRules = (
			);
			dependencies = (
				D27236B725C90E92008086D1 /* PBXTargetDependency */,
			);
			name = "Tests macOS";
			productName = "Tests macOS";
			productReference = D27236B525C90E92008086D1 /* Tests macOS.xctest */;
			productType = "com.apple.product-type.bundle.ui-testing";
		};
/* End PBXNativeTarget section */

/* Begin PBXProject section */
		D272368E25C90E90008086D1 /* Project object */ = {
			isa = PBXProject;
			attributes = {
				LastSwiftUpdateCheck = 1240;
				LastUpgradeCheck = 1240;
				TargetAttributes = {
					D272369925C90E92008086D1 = {
						CreatedOnToolsVersion = 12.4;
					};
					D27236A125C90E92008086D1 = {
						CreatedOnToolsVersion = 12.4;
					};
					D27236A925C90E92008086D1 = {
						CreatedOnToolsVersion = 12.4;
						TestTargetID = D272369925C90E92008086D1;
					};
					D27236B425C90E92008086D1 = {
						CreatedOnToolsVersion = 12.4;
						TestTargetID = D27236A125C90E92008086D1;
					};
				};
			};
			buildConfigurationList = D272369125C90E90008086D1 /* Build configuration list for PBXProject "RSSeal" */;
			compatibilityVersion = "Xcode 9.3";
			developmentRegion = en;
			hasScannedForEncodings = 0;
			knownRegions = (
				en,
				Base,
			);
			mainGroup = D272368D25C90E90008086D1;
			productRefGroup = D272369B25C90E92008086D1 /* Products */;
			projectDirPath = "";
			projectRoot = "";
			targets = (
				D272369925C90E92008086D1 /* RSSeal (iOS) */,
				D27236A125C90E92008086D1 /* RSSeal (macOS) */,
				D27236A925C90E92008086D1 /* Tests iOS */,
				D27236B425C90E92008086D1 /* Tests macOS */,
			);
		};
/* End PBXProject section */

/* Begin PBXResourcesBuildPhase section */
		D272369825C90E92008086D1 /* Resources */ = {
			isa = PBXResourcesBuildPhase;
			buildActionMask = 2147483647;
			files = (
				D27236C025C90E92008086D1 /* Assets.xcassets in Resources */,
			);
			runOnlyForDeploymentPostprocessing = 0;
		};
		D27236A025C90E92008086D1 /* Resources */ = {
			isa = PBXResourcesBuildPhase;
			buildActionMask = 2147483647;
			files = (
				D27236C125C90E92008086D1 /* Assets.xcassets in Resources */,
			);
			runOnlyForDeploymentPostprocessing = 0;
		};
		D27236A825C90E92008086D1 /* Resources */ = {
			isa = PBXResourcesBuildPhase;
			buildActionMask = 2147483647;
			files = (
			);
			runOnlyForDeploymentPostprocessing = 0;
		};
		D27236B325C90E92008086D1 /* Resources */ = {
			isa = PBXResourcesBuildPhase;
			buildActionMask = 2147483647;
			files = (
			);
			runOnlyForDeploymentPostprocessing = 0;
		};
/* End PBXResourcesBuildPhase section */

/* Begin PBXSourcesBuildPhase section */
		D272369625C90E92008086D1 /* Sources */ = {
			isa = PBXSourcesBuildPhase;
			buildActionMask = 2147483647;
			files = (
				D2CBF0DA25D77E1E00BEEE7E /* Vibration.swift in Sources */,
				D25271E525D67A47007E6741 /* FeedItemView.swift in Sources */,
				D25271DF25D6680C007E6741 /* RSSJsonContent.swift in Sources */,
				D27236BE25C90E92008086D1 /* MasterView.swift in Sources */,
				D2CBF0ED25D7E1D500BEEE7E /* MotionManager.swift in Sources */,
				D25271FA25D6B7DD007E6741 /* DarkModeSettingView.swift in Sources */,
				D27236BC25C90E92008086D1 /* RSSealApp.swift in Sources */,
				D27236D625C9114E008086D1 /* FeedItem.swift in Sources */,
				D25271EB25D67DE9007E6741 /* FeedDetailView.swift in Sources */,
			);
			runOnlyForDeploymentPostprocessing = 0;
		};
		D272369E25C90E92008086D1 /* Sources */ = {
			isa = PBXSourcesBuildPhase;
			buildActionMask = 2147483647;
			files = (
				D2CBF0DB25D77E1E00BEEE7E /* Vibration.swift in Sources */,
				D27236BF25C90E92008086D1 /* MasterView.swift in Sources */,
				D27236BD25C90E92008086D1 /* RSSealApp.swift in Sources */,
				D2CBF0EE25D7E1D500BEEE7E /* MotionManager.swift in Sources */,
			);
			runOnlyForDeploymentPostprocessing = 0;
		};
		D27236A625C90E92008086D1 /* Sources */ = {
			isa = PBXSourcesBuildPhase;
			buildActionMask = 2147483647;
			files = (
				D27236AF25C90E92008086D1 /* Tests_iOS.swift in Sources */,
			);
			runOnlyForDeploymentPostprocessing = 0;
		};
		D27236B125C90E92008086D1 /* Sources */ = {
			isa = PBXSourcesBuildPhase;
			buildActionMask = 2147483647;
			files = (
				D27236BA25C90E92008086D1 /* Tests_macOS.swift in Sources */,
			);
			runOnlyForDeploymentPostprocessing = 0;
		};
/* End PBXSourcesBuildPhase section */

/* Begin PBXTargetDependency section */
		D27236AC25C90E92008086D1 /* PBXTargetDependency */ = {
			isa = PBXTargetDependency;
			target = D272369925C90E92008086D1 /* RSSeal (iOS) */;
			targetProxy = D27236AB25C90E92008086D1 /* PBXContainerItemProxy */;
		};
		D27236B725C90E92008086D1 /* PBXTargetDependency */ = {
			isa = PBXTargetDependency;
			target = D27236A125C90E92008086D1 /* RSSeal (macOS) */;
			targetProxy = D27236B625C90E92008086D1 /* PBXContainerItemProxy */;
		};
/* End PBXTargetDependency section */

/* Begin XCBuildConfiguration section */
		D27236C225C90E92008086D1 /* Debug */ = {
			isa = XCBuildConfiguration;
			buildSettings = {
				ALWAYS_SEARCH_USER_PATHS = NO;
				CLANG_ANALYZER_NONNULL = YES;
				CLANG_ANALYZER_NUMBER_OBJECT_CONVERSION = YES_AGGRESSIVE;
				CLANG_CXX_LANGUAGE_STANDARD = "gnu++14";
				CLANG_CXX_LIBRARY = "libc++";
				CLANG_ENABLE_MODULES = YES;
				CLANG_ENABLE_OBJC_ARC = YES;
				CLANG_ENABLE_OBJC_WEAK = YES;
				CLANG_WARN_BLOCK_CAPTURE_AUTORELEASING = YES;
				CLANG_WARN_BOOL_CONVERSION = YES;
				CLANG_WARN_COMMA = YES;
				CLANG_WARN_CONSTANT_CONVERSION = YES;
				CLANG_WARN_DEPRECATED_OBJC_IMPLEMENTATIONS = YES;
				CLANG_WARN_DIRECT_OBJC_ISA_USAGE = YES_ERROR;
				CLANG_WARN_DOCUMENTATION_COMMENTS = YES;
				CLANG_WARN_EMPTY_BODY = YES;
				CLANG_WARN_ENUM_CONVERSION = YES;
				CLANG_WARN_INFINITE_RECURSION = YES;
				CLANG_WARN_INT_CONVERSION = YES;
				CLANG_WARN_NON_LITERAL_NULL_CONVERSION = YES;
				CLANG_WARN_OBJC_IMPLICIT_RETAIN_SELF = YES;
				CLANG_WARN_OBJC_LITERAL_CONVERSION = YES;
				CLANG_WARN_OBJC_ROOT_CLASS = YES_ERROR;
				CLANG_WARN_QUOTED_INCLUDE_IN_FRAMEWORK_HEADER = YES;
				CLANG_WARN_RANGE_LOOP_ANALYSIS = YES;
				CLANG_WARN_STRICT_PROTOTYPES = YES;
				CLANG_WARN_SUSPICIOUS_MOVE = YES;
				CLANG_WARN_UNGUARDED_AVAILABILITY = YES_AGGRESSIVE;
				CLANG_WARN_UNREACHABLE_CODE = YES;
				CLANG_WARN__DUPLICATE_METHOD_MATCH = YES;
				COPY_PHASE_STRIP = NO;
				DEBUG_INFORMATION_FORMAT = dwarf;
				ENABLE_STRICT_OBJC_MSGSEND = YES;
				ENABLE_TESTABILITY = YES;
				GCC_C_LANGUAGE_STANDARD = gnu11;
				GCC_DYNAMIC_NO_PIC = NO;
				GCC_NO_COMMON_BLOCKS = YES;
				GCC_OPTIMIZATION_LEVEL = 0;
				GCC_PREPROCESSOR_DEFINITIONS = (
					"DEBUG=1",
					"$(inherited)",
				);
				GCC_WARN_64_TO_32_BIT_CONVERSION = YES;
				GCC_WARN_ABOUT_RETURN_TYPE = YES_ERROR;
				GCC_WARN_UNDECLARED_SELECTOR = YES;
				GCC_WARN_UNINITIALIZED_AUTOS = YES_AGGRESSIVE;
				GCC_WARN_UNUSED_FUNCTION = YES;
				GCC_WARN_UNUSED_VARIABLE = YES;
				MTL_ENABLE_DEBUG_INFO = INCLUDE_SOURCE;
				MTL_FAST_MATH = YES;
				ONLY_ACTIVE_ARCH = YES;
				SWIFT_ACTIVE_COMPILATION_CONDITIONS = DEBUG;
				SWIFT_OPTIMIZATION_LEVEL = "-Onone";
			};
			name = Debug;
		};
		D27236C325C90E92008086D1 /* Release */ = {
			isa = XCBuildConfiguration;
			buildSettings = {
				ALWAYS_SEARCH_USER_PATHS = NO;
				CLANG_ANALYZER_NONNULL = YES;
				CLANG_ANALYZER_NUMBER_OBJECT_CONVERSION = YES_AGGRESSIVE;
				CLANG_CXX_LANGUAGE_STANDARD = "gnu++14";
				CLANG_CXX_LIBRARY = "libc++";
				CLANG_ENABLE_MODULES = YES;
				CLANG_ENABLE_OBJC_ARC = YES;
				CLANG_ENABLE_OBJC_WEAK = YES;
				CLANG_WARN_BLOCK_CAPTURE_AUTORELEASING = YES;
				CLANG_WARN_BOOL_CONVERSION = YES;
				CLANG_WARN_COMMA = YES;
				CLANG_WARN_CONSTANT_CONVERSION = YES;
				CLANG_WARN_DEPRECATED_OBJC_IMPLEMENTATIONS = YES;
				CLANG_WARN_DIRECT_OBJC_ISA_USAGE = YES_ERROR;
				CLANG_WARN_DOCUMENTATION_COMMENTS = YES;
				CLANG_WARN_EMPTY_BODY = YES;
				CLANG_WARN_ENUM_CONVERSION = YES;
				CLANG_WARN_INFINITE_RECURSION = YES;
				CLANG_WARN_INT_CONVERSION = YES;
				CLANG_WARN_NON_LITERAL_NULL_CONVERSION = YES;
				CLANG_WARN_OBJC_IMPLICIT_RETAIN_SELF = YES;
				CLANG_WARN_OBJC_LITERAL_CONVERSION = YES;
				CLANG_WARN_OBJC_ROOT_CLASS = YES_ERROR;
				CLANG_WARN_QUOTED_INCLUDE_IN_FRAMEWORK_HEADER = YES;
				CLANG_WARN_RANGE_LOOP_ANALYSIS = YES;
				CLANG_WARN_STRICT_PROTOTYPES = YES;
				CLANG_WARN_SUSPICIOUS_MOVE = YES;
				CLANG_WARN_UNGUARDED_AVAILABILITY = YES_AGGRESSIVE;
				CLANG_WARN_UNREACHABLE_CODE = YES;
				CLANG_WARN__DUPLICATE_METHOD_MATCH = YES;
				COPY_PHASE_STRIP = NO;
				DEBUG_INFORMATION_FORMAT = "dwarf-with-dsym";
				ENABLE_NS_ASSERTIONS = NO;
				ENABLE_STRICT_OBJC_MSGSEND = YES;
				GCC_C_LANGUAGE_STANDARD = gnu11;
				GCC_NO_COMMON_BLOCKS = YES;
				GCC_WARN_64_TO_32_BIT_CONVERSION = YES;
				GCC_WARN_ABOUT_RETURN_TYPE = YES_ERROR;
				GCC_WARN_UNDECLARED_SELECTOR = YES;
				GCC_WARN_UNINITIALIZED_AUTOS = YES_AGGRESSIVE;
				GCC_WARN_UNUSED_FUNCTION = YES;
				GCC_WARN_UNUSED_VARIABLE = YES;
				MTL_ENABLE_DEBUG_INFO = NO;
				MTL_FAST_MATH = YES;
				SWIFT_COMPILATION_MODE = wholemodule;
				SWIFT_OPTIMIZATION_LEVEL = "-O";
			};
			name = Release;
		};
		D27236C525C90E92008086D1 /* Debug */ = {
			isa = XCBuildConfiguration;
			buildSettings = {
				ASSETCATALOG_COMPILER_APPICON_NAME = AppIcon;
				ASSETCATALOG_COMPILER_GLOBAL_ACCENT_COLOR_NAME = AccentColor;
				CODE_SIGN_STYLE = Automatic;
				DEVELOPMENT_TEAM = 53U769A438;
				ENABLE_PREVIEWS = YES;
				INFOPLIST_FILE = iOS/Info.plist;
				IPHONEOS_DEPLOYMENT_TARGET = 14.0;
				LD_RUNPATH_SEARCH_PATHS = (
					"$(inherited)",
					"@executable_path/Frameworks",
				);
				PRODUCT_BUNDLE_IDENTIFIER = me.hatcloud.RSSeal;
				PRODUCT_NAME = RSSeal;
				SDKROOT = iphoneos;
				SWIFT_VERSION = 5.0;
				TARGETED_DEVICE_FAMILY = "1,2";
			};
			name = Debug;
		};
		D27236C625C90E92008086D1 /* Release */ = {
			isa = XCBuildConfiguration;
			buildSettings = {
				ASSETCATALOG_COMPILER_APPICON_NAME = AppIcon;
				ASSETCATALOG_COMPILER_GLOBAL_ACCENT_COLOR_NAME = AccentColor;
				CODE_SIGN_STYLE = Automatic;
				DEVELOPMENT_TEAM = 53U769A438;
				ENABLE_PREVIEWS = YES;
				INFOPLIST_FILE = iOS/Info.plist;
				IPHONEOS_DEPLOYMENT_TARGET = 14.0;
				LD_RUNPATH_SEARCH_PATHS = (
					"$(inherited)",
					"@executable_path/Frameworks",
				);
				PRODUCT_BUNDLE_IDENTIFIER = me.hatcloud.RSSeal;
				PRODUCT_NAME = RSSeal;
				SDKROOT = iphoneos;
				SWIFT_VERSION = 5.0;
				TARGETED_DEVICE_FAMILY = "1,2";
				VALIDATE_PRODUCT = YES;
			};
			name = Release;
		};
		D27236C825C90E92008086D1 /* Debug */ = {
			isa = XCBuildConfiguration;
			buildSettings = {
				ASSETCATALOG_COMPILER_APPICON_NAME = AppIcon;
				ASSETCATALOG_COMPILER_GLOBAL_ACCENT_COLOR_NAME = AccentColor;
				CODE_SIGN_ENTITLEMENTS = macOS/macOS.entitlements;
				CODE_SIGN_STYLE = Automatic;
				COMBINE_HIDPI_IMAGES = YES;
				DEVELOPMENT_TEAM = 53U769A438;
				ENABLE_HARDENED_RUNTIME = YES;
				ENABLE_PREVIEWS = YES;
				INFOPLIST_FILE = macOS/Info.plist;
				LD_RUNPATH_SEARCH_PATHS = (
					"$(inherited)",
					"@executable_path/../Frameworks",
				);
				MACOSX_DEPLOYMENT_TARGET = 11.0;
				PRODUCT_BUNDLE_IDENTIFIER = me.hatcloud.ReaderDemo;
				PRODUCT_NAME = RSSeal;
				SDKROOT = macosx;
				SWIFT_VERSION = 5.0;
			};
			name = Debug;
		};
		D27236C925C90E92008086D1 /* Release */ = {
			isa = XCBuildConfiguration;
			buildSettings = {
				ASSETCATALOG_COMPILER_APPICON_NAME = AppIcon;
				ASSETCATALOG_COMPILER_GLOBAL_ACCENT_COLOR_NAME = AccentColor;
				CODE_SIGN_ENTITLEMENTS = macOS/macOS.entitlements;
				CODE_SIGN_STYLE = Automatic;
				COMBINE_HIDPI_IMAGES = YES;
				DEVELOPMENT_TEAM = 53U769A438;
				ENABLE_HARDENED_RUNTIME = YES;
				ENABLE_PREVIEWS = YES;
				INFOPLIST_FILE = macOS/Info.plist;
				LD_RUNPATH_SEARCH_PATHS = (
					"$(inherited)",
					"@executable_path/../Frameworks",
				);
				MACOSX_DEPLOYMENT_TARGET = 11.0;
				PRODUCT_BUNDLE_IDENTIFIER = me.hatcloud.ReaderDemo;
				PRODUCT_NAME = RSSeal;
				SDKROOT = macosx;
				SWIFT_VERSION = 5.0;
			};
			name = Release;
		};
		D27236CB25C90E92008086D1 /* Debug */ = {
			isa = XCBuildConfiguration;
			buildSettings = {
				ALWAYS_EMBED_SWIFT_STANDARD_LIBRARIES = YES;
				CODE_SIGN_STYLE = Automatic;
				DEVELOPMENT_TEAM = 53U769A438;
				INFOPLIST_FILE = "Tests iOS/Info.plist";
				IPHONEOS_DEPLOYMENT_TARGET = 14.4;
				LD_RUNPATH_SEARCH_PATHS = (
					"$(inherited)",
					"@executable_path/Frameworks",
					"@loader_path/Frameworks",
				);
				PRODUCT_BUNDLE_IDENTIFIER = "me.hatcloud.Tests-iOS";
				PRODUCT_NAME = "$(TARGET_NAME)";
				SDKROOT = iphoneos;
				SWIFT_VERSION = 5.0;
				TARGETED_DEVICE_FAMILY = "1,2";
				TEST_TARGET_NAME = "ReaderDemo (iOS)";
			};
			name = Debug;
		};
		D27236CC25C90E92008086D1 /* Release */ = {
			isa = XCBuildConfiguration;
			buildSettings = {
				ALWAYS_EMBED_SWIFT_STANDARD_LIBRARIES = YES;
				CODE_SIGN_STYLE = Automatic;
				DEVELOPMENT_TEAM = 53U769A438;
				INFOPLIST_FILE = "Tests iOS/Info.plist";
				IPHONEOS_DEPLOYMENT_TARGET = 14.4;
				LD_RUNPATH_SEARCH_PATHS = (
					"$(inherited)",
					"@executable_path/Frameworks",
					"@loader_path/Frameworks",
				);
				PRODUCT_BUNDLE_IDENTIFIER = "me.hatcloud.Tests-iOS";
				PRODUCT_NAME = "$(TARGET_NAME)";
				SDKROOT = iphoneos;
				SWIFT_VERSION = 5.0;
				TARGETED_DEVICE_FAMILY = "1,2";
				TEST_TARGET_NAME = "ReaderDemo (iOS)";
				VALIDATE_PRODUCT = YES;
			};
			name = Release;
		};
		D27236CE25C90E92008086D1 /* Debug */ = {
			isa = XCBuildConfiguration;
			buildSettings = {
				ALWAYS_EMBED_SWIFT_STANDARD_LIBRARIES = YES;
				CODE_SIGN_STYLE = Automatic;
				COMBINE_HIDPI_IMAGES = YES;
				DEVELOPMENT_TEAM = 53U769A438;
				INFOPLIST_FILE = "Tests macOS/Info.plist";
				LD_RUNPATH_SEARCH_PATHS = (
					"$(inherited)",
					"@executable_path/../Frameworks",
					"@loader_path/../Frameworks",
				);
				MACOSX_DEPLOYMENT_TARGET = 11.1;
				PRODUCT_BUNDLE_IDENTIFIER = "me.hatcloud.Tests-macOS";
				PRODUCT_NAME = "$(TARGET_NAME)";
				SDKROOT = macosx;
				SWIFT_VERSION = 5.0;
				TEST_TARGET_NAME = "ReaderDemo (macOS)";
			};
			name = Debug;
		};
		D27236CF25C90E92008086D1 /* Release */ = {
			isa = XCBuildConfiguration;
			buildSettings = {
				ALWAYS_EMBED_SWIFT_STANDARD_LIBRARIES = YES;
				CODE_SIGN_STYLE = Automatic;
				COMBINE_HIDPI_IMAGES = YES;
				DEVELOPMENT_TEAM = 53U769A438;
				INFOPLIST_FILE = "Tests macOS/Info.plist";
				LD_RUNPATH_SEARCH_PATHS = (
					"$(inherited)",
					"@executable_path/../Frameworks",
					"@loader_path/../Frameworks",
				);
				MACOSX_DEPLOYMENT_TARGET = 11.1;
				PRODUCT_BUNDLE_IDENTIFIER = "me.hatcloud.Tests-macOS";
				PRODUCT_NAME = "$(TARGET_NAME)";
				SDKROOT = macosx;
				SWIFT_VERSION = 5.0;
				TEST_TARGET_NAME = "ReaderDemo (macOS)";
			};
			name = Release;
		};
/* End XCBuildConfiguration section */

/* Begin XCConfigurationList section */
		D272369125C90E90008086D1 /* Build configuration list for PBXProject "RSSeal" */ = {
			isa = XCConfigurationList;
			buildConfigurations = (
				D27236C225C90E92008086D1 /* Debug */,
				D27236C325C90E92008086D1 /* Release */,
			);
			defaultConfigurationIsVisible = 0;
			defaultConfigurationName = Release;
		};
		D27236C425C90E92008086D1 /* Build configuration list for PBXNativeTarget "RSSeal (iOS)" */ = {
			isa = XCConfigurationList;
			buildConfigurations = (
				D27236C525C90E92008086D1 /* Debug */,
				D27236C625C90E92008086D1 /* Release */,
			);
			defaultConfigurationIsVisible = 0;
			defaultConfigurationName = Release;
		};
		D27236C725C90E92008086D1 /* Build configuration list for PBXNativeTarget "RSSeal (macOS)" */ = {
			isa = XCConfigurationList;
			buildConfigurations = (
				D27236C825C90E92008086D1 /* Debug */,
				D27236C925C90E92008086D1 /* Release */,
			);
			defaultConfigurationIsVisible = 0;
			defaultConfigurationName = Release;
		};
		D27236CA25C90E92008086D1 /* Build configuration list for PBXNativeTarget "Tests iOS" */ = {
			isa = XCConfigurationList;
			buildConfigurations = (
				D27236CB25C90E92008086D1 /* Debug */,
				D27236CC25C90E92008086D1 /* Release */,
			);
			defaultConfigurationIsVisible = 0;
			defaultConfigurationName = Release;
		};
		D27236CD25C90E92008086D1 /* Build configuration list for PBXNativeTarget "Tests macOS" */ = {
			isa = XCConfigurationList;
			buildConfigurations = (
				D27236CE25C90E92008086D1 /* Debug */,
				D27236CF25C90E92008086D1 /* Release */,
			);
			defaultConfigurationIsVisible = 0;
			defaultConfigurationName = Release;
		};
/* End XCConfigurationList section */
	};
	rootObject = D272368E25C90E90008086D1 /* Project object */;
}
